
Microsoft Visual Studio Solution File, Format Version 12.00
# Visual Studio Version 16
VisualStudioVersion = 16.0.31729.503
MinimumVisualStudioVersion = 10.0.40219.1
Project("{FAE04EC0-301F-11D3-BF4B-00C04F79EFBC}") = "Kelime Ogren", "Kelime Ogren\Kelime Ogren.csproj", "{497498E0-6E01-4BC9-89AA-6021B0C824A8}"
EndProject
Global
	GlobalSection(SolutionConfigurationPlatforms) = preSolution
		Debug|Any CPU = Debug|Any CPU
		Debug|x64 = Debug|x64
		Debug|x86 = Debug|x86
		Release|Any CPU = Release|Any CPU
		Release|x64 = Release|x64
		Release|x86 = Release|x86
	EndGlobalSection
	GlobalSection(ProjectConfigurationPlatforms) = postSolution
		{497498E0-6E01-4BC9-89AA-6021B0C824A8}.Debug|Any CPU.ActiveCfg = Debug|Any CPU
		{497498E0-6E01-4BC9-89AA-6021B0C824A8}.Debug|Any CPU.Build.0 = Debug|Any CPU
		{497498E0-6E01-4BC9-89AA-6021B0C824A8}.Debug|x64.ActiveCfg = Debug|x64
		{497498E0-6E01-4BC9-89AA-6021B0C824A8}.Debug|x64.Build.0 = Debug|x64
		{497498E0-6E01-4BC9-89AA-6021B0C824A8}.Debug|x86.ActiveCfg = Debug|Any CPU
		{497498E0-6E01-4BC9-89AA-6021B0C824A8}.Debug|x86.Build.0 = Debug|Any CPU
		{497498E0-6E01-4BC9-89AA-6021B0C824A8}.Release|Any CPU.ActiveCfg = Release|Any CPU
		{497498E0-6E01-4BC9-89AA-6021B0C824A8}.Release|Any CPU.Build.0 = Release|Any CPU
		{497498E0-6E01-4BC9-89AA-6021B0C824A8}.Release|x64.ActiveCfg = Release|x64
		{497498E0-6E01-4BC9-89AA-6021B0C824A8}.Release|x64.Build.0 = Release|x64
		{497498E0-6E01-4BC9-89AA-6021B0C824A8}.Release|x86.ActiveCfg = Release|x86
		{497498E0-6E01-4BC9-89AA-6021B0C824A8}.Release|x86.Build.0 = Release|x86
	EndGlobalSection
	GlobalSection(SolutionProperties) = preSolution
		HideSolutionNode = FALSE
	EndGlobalSection
	GlobalSection(ExtensibilityGlobals) = postSolution
		SolutionGuid = {8B440A76-92E7-4A39-A875-787006B0F463}
	EndGlobalSection
EndGlobal
